
Microsoft Visual Studio Solution File, Format Version 12.00
# Visual Studio Version 16
VisualStudioVersion = 16.0.30804.86
MinimumVisualStudioVersion = 10.0.40219.1
Project("{FAE04EC0-301F-11D3-BF4B-00C04F79EFBC}") = "EstateApi", "EstateApi\EstateApi.csproj", "{F7926C44-B383-407C-BA6B-E9EFA3594758}"
EndProject
Project("{2150E333-8FDC-42A3-9474-1A3956D46DE8}") = "Tests", "Tests", "{200A6DBF-0F0A-46FF-A5EA-61BF3BD280F1}"
EndProject
Project("{2150E333-8FDC-42A3-9474-1A3956D46DE8}") = "Domain", "Domain", "{498E9B57-4F0F-4ED1-9096-111795512E6A}"
EndProject
Global
	GlobalSection(SolutionConfigurationPlatforms) = preSolution
		Debug|Any CPU = Debug|Any CPU
		Release|Any CPU = Release|Any CPU
	EndGlobalSection
	GlobalSection(ProjectConfigurationPlatforms) = postSolution
		{F7926C44-B383-407C-BA6B-E9EFA3594758}.Debug|Any CPU.ActiveCfg = Debug|Any CPU
		{F7926C44-B383-407C-BA6B-E9EFA3594758}.Debug|Any CPU.Build.0 = Debug|Any CPU
		{F7926C44-B383-407C-BA6B-E9EFA3594758}.Release|Any CPU.ActiveCfg = Release|Any CPU
		{F7926C44-B383-407C-BA6B-E9EFA3594758}.Release|Any CPU.Build.0 = Release|Any CPU
	EndGlobalSection
	GlobalSection(SolutionProperties) = preSolution
		HideSolutionNode = FALSE
	EndGlobalSection
	GlobalSection(ExtensibilityGlobals) = postSolution
		SolutionGuid = {D29CABD6-56BD-42D8-AF8F-7C24DA7683BF}
	EndGlobalSection
EndGlobal
